
Microsoft Visual Studio Solution File, Format Version 12.00
# Visual Studio Version 16
VisualStudioVersion = 16.0.34031.81
MinimumVisualStudioVersion = 10.0.40219.1
Project("{FAE04EC0-301F-11D3-BF4B-00C04F79EFBC}") = "TestLibrary", "TestLibrary\TestLibrary.csproj", "{ADC238A2-D9E4-4427-9C1B-7D83658C5DA4}"
EndProject
Global
	GlobalSection(SolutionConfigurationPlatforms) = preSolution
		Debug|Any CPU = Debug|Any CPU
		Release|Any CPU = Release|Any CPU
	EndGlobalSection
	GlobalSection(ProjectConfigurationPlatforms) = postSolution
		{ADC238A2-D9E4-4427-9C1B-7D83658C5DA4}.Debug|Any CPU.ActiveCfg = Debug|Any CPU
		{ADC238A2-D9E4-4427-9C1B-7D83658C5DA4}.Debug|Any CPU.Build.0 = Debug|Any CPU
		{ADC238A2-D9E4-4427-9C1B-7D83658C5DA4}.Release|Any CPU.ActiveCfg = Release|Any CPU
		{ADC238A2-D9E4-4427-9C1B-7D83658C5DA4}.Release|Any CPU.Build.0 = Release|Any CPU
	EndGlobalSection
	GlobalSection(SolutionProperties) = preSolution
		HideSolutionNode = FALSE
	EndGlobalSection
	GlobalSection(ExtensibilityGlobals) = postSolution
		SolutionGuid = {3E2F149E-2576-4D1C-85CD-B8CC9A194DE7}
	EndGlobalSection
EndGlobal
